
Microsoft Visual Studio Solution File, Format Version 12.00
# Visual Studio Version 17
VisualStudioVersion = 17.11.35222.181
MinimumVisualStudioVersion = 10.0.40219.1
Project("{FAE04EC0-301F-11D3-BF4B-00C04F79EFBC}") = "WSCADTask", "WSCADTask\WSCADTask.csproj", "{BF661D74-F664-496D-8ED4-E6493D3BAA52}"
EndProject
Global
	GlobalSection(SolutionConfigurationPlatforms) = preSolution
		Debug|Any CPU = Debug|Any CPU
		Release|Any CPU = Release|Any CPU
	EndGlobalSection
	GlobalSection(ProjectConfigurationPlatforms) = postSolution
		{BF661D74-F664-496D-8ED4-E6493D3BAA52}.Debug|Any CPU.ActiveCfg = Debug|Any CPU
		{BF661D74-F664-496D-8ED4-E6493D3BAA52}.Debug|Any CPU.Build.0 = Debug|Any CPU
		{BF661D74-F664-496D-8ED4-E6493D3BAA52}.Release|Any CPU.ActiveCfg = Release|Any CPU
		{BF661D74-F664-496D-8ED4-E6493D3BAA52}.Release|Any CPU.Build.0 = Release|Any CPU
	EndGlobalSection
	GlobalSection(SolutionProperties) = preSolution
		HideSolutionNode = FALSE
	EndGlobalSection
	GlobalSection(ExtensibilityGlobals) = postSolution
		SolutionGuid = {5D66926E-002B-43E6-97B2-6C0E509366EF}
	EndGlobalSection
EndGlobal
